
Microsoft Visual Studio Solution File, Format Version 12.00
# Visual Studio 2012
Project("{FAE04EC0-301F-11D3-BF4B-00C04F79EFBC}") = "LogiLcd", "LogiLcd\LogiLcd.csproj", "{CC9836EE-9948-483E-8887-429E4FFC5C93}"
EndProject
Project("{FAE04EC0-301F-11D3-BF4B-00C04F79EFBC}") = "Planetside2LCDStats", "Planetside2LCDStats\Planetside2LCDStats.csproj", "{0DD899C1-AFF7-4A7A-809E-C9C77C957DD7}"
EndProject
Global
	GlobalSection(SolutionConfigurationPlatforms) = preSolution
		Debug|Any CPU = Debug|Any CPU
		Release|Any CPU = Release|Any CPU
	EndGlobalSection
	GlobalSection(ProjectConfigurationPlatforms) = postSolution
		{CC9836EE-9948-483E-8887-429E4FFC5C93}.Debug|Any CPU.ActiveCfg = Debug|Any CPU
		{CC9836EE-9948-483E-8887-429E4FFC5C93}.Debug|Any CPU.Build.0 = Debug|Any CPU
		{CC9836EE-9948-483E-8887-429E4FFC5C93}.Release|Any CPU.ActiveCfg = Release|Any CPU
		{CC9836EE-9948-483E-8887-429E4FFC5C93}.Release|Any CPU.Build.0 = Release|Any CPU
		{0DD899C1-AFF7-4A7A-809E-C9C77C957DD7}.Debug|Any CPU.ActiveCfg = Debug|Any CPU
		{0DD899C1-AFF7-4A7A-809E-C9C77C957DD7}.Debug|Any CPU.Build.0 = Debug|Any CPU
		{0DD899C1-AFF7-4A7A-809E-C9C77C957DD7}.Release|Any CPU.ActiveCfg = Release|Any CPU
		{0DD899C1-AFF7-4A7A-809E-C9C77C957DD7}.Release|Any CPU.Build.0 = Release|Any CPU
	EndGlobalSection
	GlobalSection(SolutionProperties) = preSolution
		HideSolutionNode = FALSE
	EndGlobalSection
EndGlobal
